// !$*UTF8*$!
{
	archiveVersion = 1;
	classes = {
	};
	objectVersion = 55;
	objects = {

/* Begin PBXBuildFile section */
		BD5BC1AE2864CB4400B1AE14 /* AppDelegate.swift in Sources */ = {isa = PBXBuildFile; fileRef = BD5BC1AD2864CB4400B1AE14 /* AppDelegate.swift */; };
		BD5BC1B02864CB4400B1AE14 /* SceneDelegate.swift in Sources */ = {isa = PBXBuildFile; fileRef = BD5BC1AF2864CB4400B1AE14 /* SceneDelegate.swift */; };
		BD5BC1B22864CB4400B1AE14 /* ViewController.swift in Sources */ = {isa = PBXBuildFile; fileRef = BD5BC1B12864CB4400B1AE14 /* ViewController.swift */; };
		BD5BC1B52864CB4400B1AE14 /* Main.storyboard in Resources */ = {isa = PBXBuildFile; fileRef = BD5BC1B32864CB4400B1AE14 /* Main.storyboard */; };
		BD5BC1B82864CB4400B1AE14 /* Segues.xcdatamodeld in Sources */ = {isa = PBXBuildFile; fileRef = BD5BC1B62864CB4400B1AE14 /* Segues.xcdatamodeld */; };
		BD5BC1BA2864CB4500B1AE14 /* Assets.xcassets in Resources */ = {isa = PBXBuildFile; fileRef = BD5BC1B92864CB4500B1AE14 /* Assets.xcassets */; };
		BD5BC1BD2864CB4500B1AE14 /* LaunchScreen.storyboard in Resources */ = {isa = PBXBuildFile; fileRef = BD5BC1BB2864CB4500B1AE14 /* LaunchScreen.storyboard */; };
		BD5BC1C82864CB4600B1AE14 /* SeguesTests.swift in Sources */ = {isa = PBXBuildFile; fileRef = BD5BC1C72864CB4600B1AE14 /* SeguesTests.swift */; };
		BD5BC1D22864CB4600B1AE14 /* SeguesUITests.swift in Sources */ = {isa = PBXBuildFile; fileRef = BD5BC1D12864CB4600B1AE14 /* SeguesUITests.swift */; };
		BD5BC1D42864CB4600B1AE14 /* SeguesUITestsLaunchTests.swift in Sources */ = {isa = PBXBuildFile; fileRef = BD5BC1D32864CB4600B1AE14 /* SeguesUITestsLaunchTests.swift */; };
		BD5BC1E12864CE6000B1AE14 /* secondViewController.swift in Sources */ = {isa = PBXBuildFile; fileRef = BD5BC1E02864CE6000B1AE14 /* secondViewController.swift */; };
/* End PBXBuildFile section */

/* Begin PBXContainerItemProxy section */
		BD5BC1C42864CB4600B1AE14 /* PBXContainerItemProxy */ = {
			isa = PBXContainerItemProxy;
			containerPortal = BD5BC1A22864CB4400B1AE14 /* Project object */;
			proxyType = 1;
			remoteGlobalIDString = BD5BC1A92864CB4400B1AE14;
			remoteInfo = Segues;
		};
		BD5BC1CE2864CB4600B1AE14 /* PBXContainerItemProxy */ = {
			isa = PBXContainerItemProxy;
			containerPortal = BD5BC1A22864CB4400B1AE14 /* Project object */;
			proxyType = 1;
			remoteGlobalIDString = BD5BC1A92864CB4400B1AE14;
			remoteInfo = Segues;
		};
/* End PBXContainerItemProxy section */

/* Begin PBXFileReference section */
		BD5BC1AA2864CB4400B1AE14 /* Segues.app */ = {isa = PBXFileReference; explicitFileType = wrapper.application; includeInIndex = 0; path = Segues.app; sourceTree = BUILT_PRODUCTS_DIR; };
		BD5BC1AD2864CB4400B1AE14 /* AppDelegate.swift */ = {isa = PBXFileReference; lastKnownFileType = sourcecode.swift; path = AppDelegate.swift; sourceTree = "<group>"; };
		BD5BC1AF2864CB4400B1AE14 /* SceneDelegate.swift */ = {isa = PBXFileReference; lastKnownFileType = sourcecode.swift; path = SceneDelegate.swift; sourceTree = "<group>"; };
		BD5BC1B12864CB4400B1AE14 /* ViewController.swift */ = {isa = PBXFileReference; lastKnownFileType = sourcecode.swift; path = ViewController.swift; sourceTree = "<group>"; };
		BD5BC1B42864CB4400B1AE14 /* Base */ = {isa = PBXFileReference; lastKnownFileType = file.storyboard; name = Base; path = Base.lproj/Main.storyboard; sourceTree = "<group>"; };
		BD5BC1B72864CB4400B1AE14 /* Segues.xcdatamodel */ = {isa = PBXFileReference; lastKnownFileType = wrapper.xcdatamodel; path = Segues.xcdatamodel; sourceTree = "<group>"; };
		BD5BC1B92864CB4500B1AE14 /* Assets.xcassets */ = {isa = PBXFileReference; lastKnownFileType = folder.assetcatalog; path = Assets.xcassets; sourceTree = "<group>"; };
		BD5BC1BC2864CB4500B1AE14 /* Base */ = {isa = PBXFileReference; lastKnownFileType = file.storyboard; name = Base; path = Base.lproj/LaunchScreen.storyboard; sourceTree = "<group>"; };
		BD5BC1BE2864CB4500B1AE14 /* Info.plist */ = {isa = PBXFileReference; lastKnownFileType = text.plist.xml; path = Info.plist; sourceTree = "<group>"; };
		BD5BC1C32864CB4600B1AE14 /* SeguesTests.xctest */ = {isa = PBXFileReference; explicitFileType = wrapper.cfbundle; includeInIndex = 0; path = SeguesTests.xctest; sourceTree = BUILT_PRODUCTS_DIR; };
		BD5BC1C72864CB4600B1AE14 /* SeguesTests.swift */ = {isa = PBXFileReference; lastKnownFileType = sourcecode.swift; path = SeguesTests.swift; sourceTree = "<group>"; };
		BD5BC1CD2864CB4600B1AE14 /* SeguesUITests.xctest */ = {isa = PBXFileReference; explicitFileType = wrapper.cfbundle; includeInIndex = 0; path = SeguesUITests.xctest; sourceTree = BUILT_PRODUCTS_DIR; };
		BD5BC1D12864CB4600B1AE14 /* SeguesUITests.swift */ = {isa = PBXFileReference; lastKnownFileType = sourcecode.swift; path = SeguesUITests.swift; sourceTree = "<group>"; };
		BD5BC1D32864CB4600B1AE14 /* SeguesUITestsLaunchTests.swift */ = {isa = PBXFileReference; lastKnownFileType = sourcecode.swift; path = SeguesUITestsLaunchTests.swift; sourceTree = "<group>"; };
		BD5BC1E02864CE6000B1AE14 /* secondViewController.swift */ = {isa = PBXFileReference; lastKnownFileType = sourcecode.swift; path = secondViewController.swift; sourceTree = "<group>"; };
/* End PBXFileReference section */

/* Begin PBXFrameworksBuildPhase section */
		BD5BC1A72864CB4400B1AE14 /* Frameworks */ = {
			isa = PBXFrameworksBuildPhase;
			buildActionMask = 2147483647;
			files = (
			);
			runOnlyForDeploymentPostprocessing = 0;
		};
		BD5BC1C02864CB4600B1AE14 /* Frameworks */ = {
			isa = PBXFrameworksBuildPhase;
			buildActionMask = 2147483647;
			files = (
			);
			runOnlyForDeploymentPostprocessing = 0;
		};
		BD5BC1CA2864CB4600B1AE14 /* Frameworks */ = {
			isa = PBXFrameworksBuildPhase;
			buildActionMask = 2147483647;
			files = (
			);
			runOnlyForDeploymentPostprocessing = 0;
		};
/* End PBXFrameworksBuildPhase section */

/* Begin PBXGroup section */
		BD5BC1A12864CB4400B1AE14 = {
			isa = PBXGroup;
			children = (
				BD5BC1AC2864CB4400B1AE14 /* Segues */,
				BD5BC1C62864CB4600B1AE14 /* SeguesTests */,
				BD5BC1D02864CB4600B1AE14 /* SeguesUITests */,
				BD5BC1AB2864CB4400B1AE14 /* Products */,
			);
			sourceTree = "<group>";
		};
		BD5BC1AB2864CB4400B1AE14 /* Products */ = {
			isa = PBXGroup;
			children = (
				BD5BC1AA2864CB4400B1AE14 /* Segues.app */,
				BD5BC1C32864CB4600B1AE14 /* SeguesTests.xctest */,
				BD5BC1CD2864CB4600B1AE14 /* SeguesUITests.xctest */,
			);
			name = Products;
			sourceTree = "<group>";
		};
		BD5BC1AC2864CB4400B1AE14 /* Segues */ = {
			isa = PBXGroup;
			children = (
				BD5BC1AD2864CB4400B1AE14 /* AppDelegate.swift */,
				BD5BC1AF2864CB4400B1AE14 /* SceneDelegate.swift */,
				BD5BC1B12864CB4400B1AE14 /* ViewController.swift */,
				BD5BC1B32864CB4400B1AE14 /* Main.storyboard */,
				BD5BC1B92864CB4500B1AE14 /* Assets.xcassets */,
				BD5BC1BB2864CB4500B1AE14 /* LaunchScreen.storyboard */,
				BD5BC1BE2864CB4500B1AE14 /* Info.plist */,
				BD5BC1B62864CB4400B1AE14 /* Segues.xcdatamodeld */,
				BD5BC1E02864CE6000B1AE14 /* secondViewController.swift */,
			);
			path = Segues;
			sourceTree = "<group>";
		};
		BD5BC1C62864CB4600B1AE14 /* SeguesTests */ = {
			isa = PBXGroup;
			children = (
				BD5BC1C72864CB4600B1AE14 /* SeguesTests.swift */,
			);
			path = SeguesTests;
			sourceTree = "<group>";
		};
		BD5BC1D02864CB4600B1AE14 /* SeguesUITests */ = {
			isa = PBXGroup;
			children = (
				BD5BC1D12864CB4600B1AE14 /* SeguesUITests.swift */,
				BD5BC1D32864CB4600B1AE14 /* SeguesUITestsLaunchTests.swift */,
			);
			path = SeguesUITests;
			sourceTree = "<group>";
		};
/* End PBXGroup section */

/* Begin PBXNativeTarget section */
		BD5BC1A92864CB4400B1AE14 /* Segues */ = {
			isa = PBXNativeTarget;
			buildConfigurationList = BD5BC1D72864CB4600B1AE14 /* Build configuration list for PBXNativeTarget "Segues" */;
			buildPhases = (
				BD5BC1A62864CB4400B1AE14 /* Sources */,
				BD5BC1A72864CB4400B1AE14 /* Frameworks */,
				BD5BC1A82864CB4400B1AE14 /* Resources */,
			);
			buildRules = (
			);
			dependencies = (
			);
			name = Segues;
			productName = Segues;
			productReference = BD5BC1AA2864CB4400B1AE14 /* Segues.app */;
			productType = "com.apple.product-type.application";
		};
		BD5BC1C22864CB4600B1AE14 /* SeguesTests */ = {
			isa = PBXNativeTarget;
			buildConfigurationList = BD5BC1DA2864CB4600B1AE14 /* Build configuration list for PBXNativeTarget "SeguesTests" */;
			buildPhases = (
				BD5BC1BF2864CB4600B1AE14 /* Sources */,
				BD5BC1C02864CB4600B1AE14 /* Frameworks */,
				BD5BC1C12864CB4600B1AE14 /* Resources */,
			);
			buildRules = (
			);
			dependencies = (
				BD5BC1C52864CB4600B1AE14 /* PBXTargetDependency */,
			);
			name = SeguesTests;
			productName = SeguesTests;
			productReference = BD5BC1C32864CB4600B1AE14 /* SeguesTests.xctest */;
			productType = "com.apple.product-type.bundle.unit-test";
		};
		BD5BC1CC2864CB4600B1AE14 /* SeguesUITests */ = {
			isa = PBXNativeTarget;
			buildConfigurationList = BD5BC1DD2864CB4600B1AE14 /* Build configuration list for PBXNativeTarget "SeguesUITests" */;
			buildPhases = (
				BD5BC1C92864CB4600B1AE14 /* Sources */,
				BD5BC1CA2864CB4600B1AE14 /* Frameworks */,
				BD5BC1CB2864CB4600B1AE14 /* Resources */,
			);
			buildRules = (
			);
			dependencies = (
				BD5BC1CF2864CB4600B1AE14 /* PBXTargetDependency */,
			);
			name = SeguesUITests;
			productName = SeguesUITests;
			productReference = BD5BC1CD2864CB4600B1AE14 /* SeguesUITests.xctest */;
			productType = "com.apple.product-type.bundle.ui-testing";
		};
/* End PBXNativeTarget section */

/* Begin PBXProject section */
		BD5BC1A22864CB4400B1AE14 /* Project object */ = {
			isa = PBXProject;
			attributes = {
				BuildIndependentTargetsInParallel = 1;
				LastSwiftUpdateCheck = 1340;
				LastUpgradeCheck = 1340;
				TargetAttributes = {
					BD5BC1A92864CB4400B1AE14 = {
						CreatedOnToolsVersion = 13.4.1;
					};
					BD5BC1C22864CB4600B1AE14 = {
						CreatedOnToolsVersion = 13.4.1;
						TestTargetID = BD5BC1A92864CB4400B1AE14;
					};
					BD5BC1CC2864CB4600B1AE14 = {
						CreatedOnToolsVersion = 13.4.1;
						TestTargetID = BD5BC1A92864CB4400B1AE14;
					};
				};
			};
			buildConfigurationList = BD5BC1A52864CB4400B1AE14 /* Build configuration list for PBXProject "Segues" */;
			compatibilityVersion = "Xcode 13.0";
			developmentRegion = en;
			hasScannedForEncodings = 0;
			knownRegions = (
				en,
				Base,
			);
			mainGroup = BD5BC1A12864CB4400B1AE14;
			productRefGroup = BD5BC1AB2864CB4400B1AE14 /* Products */;
			projectDirPath = "";
			projectRoot = "";
			targets = (
				BD5BC1A92864CB4400B1AE14 /* Segues */,
				BD5BC1C22864CB4600B1AE14 /* SeguesTests */,
				BD5BC1CC2864CB4600B1AE14 /* SeguesUITests */,
			);
		};
/* End PBXProject section */

/* Begin PBXResourcesBuildPhase section */
		BD5BC1A82864CB4400B1AE14 /* Resources */ = {
			isa = PBXResourcesBuildPhase;
			buildActionMask = 2147483647;
			files = (
				BD5BC1BD2864CB4500B1AE14 /* LaunchScreen.storyboard in Resources */,
				BD5BC1BA2864CB4500B1AE14 /* Assets.xcassets in Resources */,
				BD5BC1B52864CB4400B1AE14 /* Main.storyboard in Resources */,
			);
			runOnlyForDeploymentPostprocessing = 0;
		};
		BD5BC1C12864CB4600B1AE14 /* Resources */ = {
			isa = PBXResourcesBuildPhase;
			buildActionMask = 2147483647;
			files = (
			);
			runOnlyForDeploymentPostprocessing = 0;
		};
		BD5BC1CB2864CB4600B1AE14 /* Resources */ = {
			isa = PBXResourcesBuildPhase;
			buildActionMask = 2147483647;
			files = (
			);
			runOnlyForDeploymentPostprocessing = 0;
		};
/* End PBXResourcesBuildPhase section */

/* Begin PBXSourcesBuildPhase section */
		BD5BC1A62864CB4400B1AE14 /* Sources */ = {
			isa = PBXSourcesBuildPhase;
			buildActionMask = 2147483647;
			files = (
				BD5BC1B22864CB4400B1AE14 /* ViewController.swift in Sources */,
				BD5BC1AE2864CB4400B1AE14 /* AppDelegate.swift in Sources */,
				BD5BC1B02864CB4400B1AE14 /* SceneDelegate.swift in Sources */,
				BD5BC1E12864CE6000B1AE14 /* secondViewController.swift in Sources */,
				BD5BC1B82864CB4400B1AE14 /* Segues.xcdatamodeld in Sources */,
			);
			runOnlyForDeploymentPostprocessing = 0;
		};
		BD5BC1BF2864CB4600B1AE14 /* Sources */ = {
			isa = PBXSourcesBuildPhase;
			buildActionMask = 2147483647;
			files = (
				BD5BC1C82864CB4600B1AE14 /* SeguesTests.swift in Sources */,
			);
			runOnlyForDeploymentPostprocessing = 0;
		};
		BD5BC1C92864CB4600B1AE14 /* Sources */ = {
			isa = PBXSourcesBuildPhase;
			buildActionMask = 2147483647;
			files = (
				BD5BC1D42864CB4600B1AE14 /* SeguesUITestsLaunchTests.swift in Sources */,
				BD5BC1D22864CB4600B1AE14 /* SeguesUITests.swift in Sources */,
			);
			runOnlyForDeploymentPostprocessing = 0;
		};
/* End PBXSourcesBuildPhase section */

/* Begin PBXTargetDependency section */
		BD5BC1C52864CB4600B1AE14 /* PBXTargetDependency */ = {
			isa = PBXTargetDependency;
			target = BD5BC1A92864CB4400B1AE14 /* Segues */;
			targetProxy = BD5BC1C42864CB4600B1AE14 /* PBXContainerItemProxy */;
		};
		BD5BC1CF2864CB4600B1AE14 /* PBXTargetDependency */ = {
			isa = PBXTargetDependency;
			target = BD5BC1A92864CB4400B1AE14 /* Segues */;
			targetProxy = BD5BC1CE2864CB4600B1AE14 /* PBXContainerItemProxy */;
		};
/* End PBXTargetDependency section */

/* Begin PBXVariantGroup section */
		BD5BC1B32864CB4400B1AE14 /* Main.storyboard */ = {
			isa = PBXVariantGroup;
			children = (
				BD5BC1B42864CB4400B1AE14 /* Base */,
			);
			name = Main.storyboard;
			sourceTree = "<group>";
		};
		BD5BC1BB2864CB4500B1AE14 /* LaunchScreen.storyboard */ = {
			isa = PBXVariantGroup;
			children = (
				BD5BC1BC2864CB4500B1AE14 /* Base */,
			);
			name = LaunchScreen.storyboard;
			sourceTree = "<group>";
		};
/* End PBXVariantGroup section */

/* Begin XCBuildConfiguration section */
		BD5BC1D52864CB4600B1AE14 /* Debug */ = {
			isa = XCBuildConfiguration;
			buildSettings = {
				ALWAYS_SEARCH_USER_PATHS = NO;
				CLANG_ANALYZER_NONNULL = YES;
				CLANG_ANALYZER_NUMBER_OBJECT_CONVERSION = YES_AGGRESSIVE;
				CLANG_CXX_LANGUAGE_STANDARD = "gnu++17";
				CLANG_ENABLE_MODULES = YES;
				CLANG_ENABLE_OBJC_ARC = YES;
				CLANG_ENABLE_OBJC_WEAK = YES;
				CLANG_WARN_BLOCK_CAPTURE_AUTORELEASING = YES;
				CLANG_WARN_BOOL_CONVERSION = YES;
				CLANG_WARN_COMMA = YES;
				CLANG_WARN_CONSTANT_CONVERSION = YES;
				CLANG_WARN_DEPRECATED_OBJC_IMPLEMENTATIONS = YES;
				CLANG_WARN_DIRECT_OBJC_ISA_USAGE = YES_ERROR;
				CLANG_WARN_DOCUMENTATION_COMMENTS = YES;
				CLANG_WARN_EMPTY_BODY = YES;
				CLANG_WARN_ENUM_CONVERSION = YES;
				CLANG_WARN_INFINITE_RECURSION = YES;
				CLANG_WARN_INT_CONVERSION = YES;
				CLANG_WARN_NON_LITERAL_NULL_CONVERSION = YES;
				CLANG_WARN_OBJC_IMPLICIT_RETAIN_SELF = YES;
				CLANG_WARN_OBJC_LITERAL_CONVERSION = YES;
				CLANG_WARN_OBJC_ROOT_CLASS = YES_ERROR;
				CLANG_WARN_QUOTED_INCLUDE_IN_FRAMEWORK_HEADER = YES;
				CLANG_WARN_RANGE_LOOP_ANALYSIS = YES;
				CLANG_WARN_STRICT_PROTOTYPES = YES;
				CLANG_WARN_SUSPICIOUS_MOVE = YES;
				CLANG_WARN_UNGUARDED_AVAILABILITY = YES_AGGRESSIVE;
				CLANG_WARN_UNREACHABLE_CODE = YES;
				CLANG_WARN__DUPLICATE_METHOD_MATCH = YES;
				COPY_PHASE_STRIP = NO;
				DEBUG_INFORMATION_FORMAT = dwarf;
				ENABLE_STRICT_OBJC_MSGSEND = YES;
				ENABLE_TESTABILITY = YES;
				GCC_C_LANGUAGE_STANDARD = gnu11;
				GCC_DYNAMIC_NO_PIC = NO;
				GCC_NO_COMMON_BLOCKS = YES;
				GCC_OPTIMIZATION_LEVEL = 0;
				GCC_PREPROCESSOR_DEFINITIONS = (
					"DEBUG=1",
					"$(inherited)",
				);
				GCC_WARN_64_TO_32_BIT_CONVERSION = YES;
				GCC_WARN_ABOUT_RETURN_TYPE = YES_ERROR;
				GCC_WARN_UNDECLARED_SELECTOR = YES;
				GCC_WARN_UNINITIALIZED_AUTOS = YES_AGGRESSIVE;
				GCC_WARN_UNUSED_FUNCTION = YES;
				GCC_WARN_UNUSED_VARIABLE = YES;
				IPHONEOS_DEPLOYMENT_TARGET = 15.5;
				MTL_ENABLE_DEBUG_INFO = INCLUDE_SOURCE;
				MTL_FAST_MATH = YES;
				ONLY_ACTIVE_ARCH = YES;
				SDKROOT = iphoneos;
				SWIFT_ACTIVE_COMPILATION_CONDITIONS = DEBUG;
				SWIFT_OPTIMIZATION_LEVEL = "-Onone";
			};
			name = Debug;
		};
		BD5BC1D62864CB4600B1AE14 /* Release */ = {
			isa = XCBuildConfiguration;
			buildSettings = {
				ALWAYS_SEARCH_USER_PATHS = NO;
				CLANG_ANALYZER_NONNULL = YES;
				CLANG_ANALYZER_NUMBER_OBJECT_CONVERSION = YES_AGGRESSIVE;
				CLANG_CXX_LANGUAGE_STANDARD = "gnu++17";
				CLANG_ENABLE_MODULES = YES;
				CLANG_ENABLE_OBJC_ARC = YES;
				CLANG_ENABLE_OBJC_WEAK = YES;
				CLANG_WARN_BLOCK_CAPTURE_AUTORELEASING = YES;
				CLANG_WARN_BOOL_CONVERSION = YES;
				CLANG_WARN_COMMA = YES;
				CLANG_WARN_CONSTANT_CONVERSION = YES;
				CLANG_WARN_DEPRECATED_OBJC_IMPLEMENTATIONS = YES;
				CLANG_WARN_DIRECT_OBJC_ISA_USAGE = YES_ERROR;
				CLANG_WARN_DOCUMENTATION_COMMENTS = YES;
				CLANG_WARN_EMPTY_BODY = YES;
				CLANG_WARN_ENUM_CONVERSION = YES;
				CLANG_WARN_INFINITE_RECURSION = YES;
				CLANG_WARN_INT_CONVERSION = YES;
				CLANG_WARN_NON_LITERAL_NULL_CONVERSION = YES;
				CLANG_WARN_OBJC_IMPLICIT_RETAIN_SELF = YES;
				CLANG_WARN_OBJC_LITERAL_CONVERSION = YES;
				CLANG_WARN_OBJC_ROOT_CLASS = YES_ERROR;
				CLANG_WARN_QUOTED_INCLUDE_IN_FRAMEWORK_HEADER = YES;
				CLANG_WARN_RANGE_LOOP_ANALYSIS = YES;
				CLANG_WARN_STRICT_PROTOTYPES = YES;
				CLANG_WARN_SUSPICIOUS_MOVE = YES;
				CLANG_WARN_UNGUARDED_AVAILABILITY = YES_AGGRESSIVE;
				CLANG_WARN_UNREACHABLE_CODE = YES;
				CLANG_WARN__DUPLICATE_METHOD_MATCH = YES;
				COPY_PHASE_STRIP = NO;
				DEBUG_INFORMATION_FORMAT = "dwarf-with-dsym";
				ENABLE_NS_ASSERTIONS = NO;
				ENABLE_STRICT_OBJC_MSGSEND = YES;
				GCC_C_LANGUAGE_STANDARD = gnu11;
				GCC_NO_COMMON_BLOCKS = YES;
				GCC_WARN_64_TO_32_BIT_CONVERSION = YES;
				GCC_WARN_ABOUT_RETURN_TYPE = YES_ERROR;
				GCC_WARN_UNDECLARED_SELECTOR = YES;
				GCC_WARN_UNINITIALIZED_AUTOS = YES_AGGRESSIVE;
				GCC_WARN_UNUSED_FUNCTION = YES;
				GCC_WARN_UNUSED_VARIABLE = YES;
				IPHONEOS_DEPLOYMENT_TARGET = 15.5;
				MTL_ENABLE_DEBUG_INFO = NO;
				MTL_FAST_MATH = YES;
				SDKROOT = iphoneos;
				SWIFT_COMPILATION_MODE = wholemodule;
				SWIFT_OPTIMIZATION_LEVEL = "-O";
				VALIDATE_PRODUCT = YES;
			};
			name = Release;
		};
		BD5BC1D82864CB4600B1AE14 /* Debug */ = {
			isa = XCBuildConfiguration;
			buildSettings = {
				ASSETCATALOG_COMPILER_APPICON_NAME = AppIcon;
				ASSETCATALOG_COMPILER_GLOBAL_ACCENT_COLOR_NAME = AccentColor;
				CODE_SIGN_STYLE = Automatic;
				CURRENT_PROJECT_VERSION = 1;
				GENERATE_INFOPLIST_FILE = YES;
				INFOPLIST_FILE = Segues/Info.plist;
				INFOPLIST_KEY_UIApplicationSupportsIndirectInputEvents = YES;
				INFOPLIST_KEY_UILaunchStoryboardName = LaunchScreen;
				INFOPLIST_KEY_UIMainStoryboardFile = Main;
				INFOPLIST_KEY_UISupportedInterfaceOrientations_iPad = "UIInterfaceOrientationPortrait UIInterfaceOrientationPortraitUpsideDown UIInterfaceOrientationLandscapeLeft UIInterfaceOrientationLandscapeRight";
				INFOPLIST_KEY_UISupportedInterfaceOrientations_iPhone = "UIInterfaceOrientationPortrait UIInterfaceOrientationLandscapeLeft UIInterfaceOrientationLandscapeRight";
				LD_RUNPATH_SEARCH_PATHS = (
					"$(inherited)",
					"@executable_path/Frameworks",
				);
				MARKETING_VERSION = 1.0;
				PRODUCT_BUNDLE_IDENTIFIER = kwk.Segues;
				PRODUCT_NAME = "$(TARGET_NAME)";
				SWIFT_EMIT_LOC_STRINGS = YES;
				SWIFT_VERSION = 5.0;
				TARGETED_DEVICE_FAMILY = "1,2";
			};
			name = Debug;
		};
		BD5BC1D92864CB4600B1AE14 /* Release */ = {
			isa = XCBuildConfiguration;
			buildSettings = {
				ASSETCATALOG_COMPILER_APPICON_NAME = AppIcon;
				ASSETCATALOG_COMPILER_GLOBAL_ACCENT_COLOR_NAME = AccentColor;
				CODE_SIGN_STYLE = Automatic;
				CURRENT_PROJECT_VERSION = 1;
				GENERATE_INFOPLIST_FILE = YES;
				INFOPLIST_FILE = Segues/Info.plist;
				INFOPLIST_KEY_UIApplicationSupportsIndirectInputEvents = YES;
				INFOPLIST_KEY_UILaunchStoryboardName = LaunchScreen;
				INFOPLIST_KEY_UIMainStoryboardFile = Main;
				INFOPLIST_KEY_UISupportedInterfaceOrientations_iPad = "UIInterfaceOrientationPortrait UIInterfaceOrientationPortraitUpsideDown UIInterfaceOrientationLandscapeLeft UIInterfaceOrientationLandscapeRight";
				INFOPLIST_KEY_UISupportedInterfaceOrientations_iPhone = "UIInterfaceOrientationPortrait UIInterfaceOrientationLandscapeLeft UIInterfaceOrientationLandscapeRight";
				LD_RUNPATH_SEARCH_PATHS = (
					"$(inherited)",
					"@executable_path/Frameworks",
				);
				MARKETING_VERSION = 1.0;
				PRODUCT_BUNDLE_IDENTIFIER = kwk.Segues;
				PRODUCT_NAME = "$(TARGET_NAME)";
				SWIFT_EMIT_LOC_STRINGS = YES;
				SWIFT_VERSION = 5.0;
				TARGETED_DEVICE_FAMILY = "1,2";
			};
			name = Release;
		};
		BD5BC1DB2864CB4600B1AE14 /* Debug */ = {
			isa = XCBuildConfiguration;
			buildSettings = {
				ALWAYS_EMBED_SWIFT_STANDARD_LIBRARIES = YES;
				BUNDLE_LOADER = "$(TEST_HOST)";
				CODE_SIGN_STYLE = Automatic;
				CURRENT_PROJECT_VERSION = 1;
				GENERATE_INFOPLIST_FILE = YES;
				IPHONEOS_DEPLOYMENT_TARGET = 15.5;
				MARKETING_VERSION = 1.0;
				PRODUCT_BUNDLE_IDENTIFIER = kwk.SeguesTests;
				PRODUCT_NAME = "$(TARGET_NAME)";
				SWIFT_EMIT_LOC_STRINGS = NO;
				SWIFT_VERSION = 5.0;
				TARGETED_DEVICE_FAMILY = "1,2";
				TEST_HOST = "$(BUILT_PRODUCTS_DIR)/Segues.app/Segues";
			};
			name = Debug;
		};
		BD5BC1DC2864CB4600B1AE14 /* Release */ = {
			isa = XCBuildConfiguration;
			buildSettings = {
				ALWAYS_EMBED_SWIFT_STANDARD_LIBRARIES = YES;
				BUNDLE_LOADER = "$(TEST_HOST)";
				CODE_SIGN_STYLE = Automatic;
				CURRENT_PROJECT_VERSION = 1;
				GENERATE_INFOPLIST_FILE = YES;
				IPHONEOS_DEPLOYMENT_TARGET = 15.5;
				MARKETING_VERSION = 1.0;
				PRODUCT_BUNDLE_IDENTIFIER = kwk.SeguesTests;
				PRODUCT_NAME = "$(TARGET_NAME)";
				SWIFT_EMIT_LOC_STRINGS = NO;
				SWIFT_VERSION = 5.0;
				TARGETED_DEVICE_FAMILY = "1,2";
				TEST_HOST = "$(BUILT_PRODUCTS_DIR)/Segues.app/Segues";
			};
			name = Release;
		};
		BD5BC1DE2864CB4600B1AE14 /* Debug */ = {
			isa = XCBuildConfiguration;
			buildSettings = {
				ALWAYS_EMBED_SWIFT_STANDARD_LIBRARIES = YES;
				CODE_SIGN_STYLE = Automatic;
				CURRENT_PROJECT_VERSION = 1;
				GENERATE_INFOPLIST_FILE = YES;
				MARKETING_VERSION = 1.0;
				PRODUCT_BUNDLE_IDENTIFIER = kwk.SeguesUITests;
				PRODUCT_NAME = "$(TARGET_NAME)";
				SWIFT_EMIT_LOC_STRINGS = NO;
				SWIFT_VERSION = 5.0;
				TARGETED_DEVICE_FAMILY = "1,2";
				TEST_TARGET_NAME = Segues;
			};
			name = Debug;
		};
		BD5BC1DF2864CB4600B1AE14 /* Release */ = {
			isa = XCBuildConfiguration;
			buildSettings = {
				ALWAYS_EMBED_SWIFT_STANDARD_LIBRARIES = YES;
				CODE_SIGN_STYLE = Automatic;
				CURRENT_PROJECT_VERSION = 1;
				GENERATE_INFOPLIST_FILE = YES;
				MARKETING_VERSION = 1.0;
				PRODUCT_BUNDLE_IDENTIFIER = kwk.SeguesUITests;
				PRODUCT_NAME = "$(TARGET_NAME)";
				SWIFT_EMIT_LOC_STRINGS = NO;
				SWIFT_VERSION = 5.0;
				TARGETED_DEVICE_FAMILY = "1,2";
				TEST_TARGET_NAME = Segues;
			};
			name = Release;
		};
/* End XCBuildConfiguration section */

/* Begin XCConfigurationList section */
		BD5BC1A52864CB4400B1AE14 /* Build configuration list for PBXProject "Segues" */ = {
			isa = XCConfigurationList;
			buildConfigurations = (
				BD5BC1D52864CB4600B1AE14 /* Debug */,
				BD5BC1D62864CB4600B1AE14 /* Release */,
			);
			defaultConfigurationIsVisible = 0;
			defaultConfigurationName = Release;
		};
		BD5BC1D72864CB4600B1AE14 /* Build configuration list for PBXNativeTarget "Segues" */ = {
			isa = XCConfigurationList;
			buildConfigurations = (
				BD5BC1D82864CB4600B1AE14 /* Debug */,
				BD5BC1D92864CB4600B1AE14 /* Release */,
			);
			defaultConfigurationIsVisible = 0;
			defaultConfigurationName = Release;
		};
		BD5BC1DA2864CB4600B1AE14 /* Build configuration list for PBXNativeTarget "SeguesTests" */ = {
			isa = XCConfigurationList;
			buildConfigurations = (
				BD5BC1DB2864CB4600B1AE14 /* Debug */,
				BD5BC1DC2864CB4600B1AE14 /* Release */,
			);
			defaultConfigurationIsVisible = 0;
			defaultConfigurationName = Release;
		};
		BD5BC1DD2864CB4600B1AE14 /* Build configuration list for PBXNativeTarget "SeguesUITests" */ = {
			isa = XCConfigurationList;
			buildConfigurations = (
				BD5BC1DE2864CB4600B1AE14 /* Debug */,
				BD5BC1DF2864CB4600B1AE14 /* Release */,
			);
			defaultConfigurationIsVisible = 0;
			defaultConfigurationName = Release;
		};
/* End XCConfigurationList section */

/* Begin XCVersionGroup section */
		BD5BC1B62864CB4400B1AE14 /* Segues.xcdatamodeld */ = {
			isa = XCVersionGroup;
			children = (
				BD5BC1B72864CB4400B1AE14 /* Segues.xcdatamodel */,
			);
			currentVersion = BD5BC1B72864CB4400B1AE14 /* Segues.xcdatamodel */;
			path = Segues.xcdatamodeld;
			sourceTree = "<group>";
			versionGroupType = wrapper.xcdatamodel;
		};
/* End XCVersionGroup section */
	};
	rootObject = BD5BC1A22864CB4400B1AE14 /* Project object */;
}
